
Microsoft Visual Studio Solution File, Format Version 12.00
# Visual Studio Version 16
VisualStudioVersion = 16.0.32106.194
MinimumVisualStudioVersion = 10.0.40219.1
Project("{FAE04EC0-301F-11D3-BF4B-00C04F79EFBC}") = "MailletFinalExam", "MailletFinalExam.csproj", "{37617611-84E1-42F0-9DED-F79851ABDA37}"
EndProject
Project("{FAE04EC0-301F-11D3-BF4B-00C04F79EFBC}") = "MailletSocketListenerExam", "..\MailletSocketListenerExam\MailletSocketListenerExam.csproj", "{334FB190-3FAF-4E90-A7B8-2CCFC2A56E9C}"
EndProject
Global
	GlobalSection(SolutionConfigurationPlatforms) = preSolution
		Debug|Any CPU = Debug|Any CPU
		Release|Any CPU = Release|Any CPU
	EndGlobalSection
	GlobalSection(ProjectConfigurationPlatforms) = postSolution
		{37617611-84E1-42F0-9DED-F79851ABDA37}.Debug|Any CPU.ActiveCfg = Debug|Any CPU
		{37617611-84E1-42F0-9DED-F79851ABDA37}.Debug|Any CPU.Build.0 = Debug|Any CPU
		{37617611-84E1-42F0-9DED-F79851ABDA37}.Release|Any CPU.ActiveCfg = Release|Any CPU
		{37617611-84E1-42F0-9DED-F79851ABDA37}.Release|Any CPU.Build.0 = Release|Any CPU
		{334FB190-3FAF-4E90-A7B8-2CCFC2A56E9C}.Debug|Any CPU.ActiveCfg = Debug|Any CPU
		{334FB190-3FAF-4E90-A7B8-2CCFC2A56E9C}.Debug|Any CPU.Build.0 = Debug|Any CPU
		{334FB190-3FAF-4E90-A7B8-2CCFC2A56E9C}.Release|Any CPU.ActiveCfg = Release|Any CPU
		{334FB190-3FAF-4E90-A7B8-2CCFC2A56E9C}.Release|Any CPU.Build.0 = Release|Any CPU
	EndGlobalSection
	GlobalSection(SolutionProperties) = preSolution
		HideSolutionNode = FALSE
	EndGlobalSection
	GlobalSection(ExtensibilityGlobals) = postSolution
		SolutionGuid = {438B69F1-E3C5-4B8E-A90D-E4BF95C71625}
	EndGlobalSection
EndGlobal
